{
  "name": "@joe_kerr/vue-drag-and-drop",
  "version": "1.0.0",
  "lockfileVersion": 1,
  "requires": true,
  "dependencies": {
    "cats4vue": {
      "version": "1.0.4",
      "resolved": "https://registry.npmjs.org/cats4vue/-/cats4vue-1.0.4.tgz",
      "integrity": "sha512-ByT8NuT542gbKIAgGJx1Ju5WJ00vJBeguaRXAvD8/NzHHNV7893Q0dhGGTzEsik0GYtYy9hPa/ULBE0ClIQMtQ=="
    },
    "vuex-heman": {
      "version": "1.5.1",
      "resolved": "https://registry.npmjs.org/vuex-heman/-/vuex-heman-1.5.1.tgz",
      "integrity": "sha512-8bpevVUBqCnoTpBJUK7vP3VgFhHEpH3iEWsqhgPQP0cC7fbuF8Dr0R9f+muvQcllZxHbPa0rjQSz6vZXKp8Fig=="
    }
  }
}
